
Microsoft Visual Studio Solution File, Format Version 12.00
# Visual Studio 14
VisualStudioVersion = 14.0.25420.1
MinimumVisualStudioVersion = 10.0.40219.1
Project("{FAE04EC0-301F-11D3-BF4B-00C04F79EFBC}") = "EISLoadTest1", "EISLoadTest1\EISLoadTest1.csproj", "{79797F25-EFC2-4542-9DDA-962128BCF363}"
EndProject
Project("{2150E333-8FDC-42A3-9474-1A3956D46DE8}") = "Solution Items", "Solution Items", "{89B5E819-742E-42CC-A1ED-BB62BD554212}"
	ProjectSection(SolutionItems) = preProject
		Local.testsettings = Local.testsettings
	EndProjectSection
EndProject
Project("{FAE04EC0-301F-11D3-BF4B-00C04F79EFBC}") = "PerformanceTestPOC", "PerformanceTestPOC\PerformanceTestPOC.csproj", "{AB9C0610-31E2-4D12-AAE0-467E9AEBDA52}"
EndProject
Project("{FAE04EC0-301F-11D3-BF4B-00C04F79EFBC}") = "PreProdTest", "PreProdTest\PreProdTest.csproj", "{4DC135DA-D903-4BCA-8DE8-CAF04CA9A217}"
EndProject
Global
	GlobalSection(SolutionConfigurationPlatforms) = preSolution
		Debug|Any CPU = Debug|Any CPU
		Release|Any CPU = Release|Any CPU
	EndGlobalSection
	GlobalSection(ProjectConfigurationPlatforms) = postSolution
		{79797F25-EFC2-4542-9DDA-962128BCF363}.Debug|Any CPU.ActiveCfg = Debug|Any CPU
		{79797F25-EFC2-4542-9DDA-962128BCF363}.Debug|Any CPU.Build.0 = Debug|Any CPU
		{79797F25-EFC2-4542-9DDA-962128BCF363}.Release|Any CPU.ActiveCfg = Release|Any CPU
		{79797F25-EFC2-4542-9DDA-962128BCF363}.Release|Any CPU.Build.0 = Release|Any CPU
		{AB9C0610-31E2-4D12-AAE0-467E9AEBDA52}.Debug|Any CPU.ActiveCfg = Debug|Any CPU
		{AB9C0610-31E2-4D12-AAE0-467E9AEBDA52}.Debug|Any CPU.Build.0 = Debug|Any CPU
		{AB9C0610-31E2-4D12-AAE0-467E9AEBDA52}.Release|Any CPU.ActiveCfg = Release|Any CPU
		{AB9C0610-31E2-4D12-AAE0-467E9AEBDA52}.Release|Any CPU.Build.0 = Release|Any CPU
		{4DC135DA-D903-4BCA-8DE8-CAF04CA9A217}.Debug|Any CPU.ActiveCfg = Debug|Any CPU
		{4DC135DA-D903-4BCA-8DE8-CAF04CA9A217}.Debug|Any CPU.Build.0 = Debug|Any CPU
		{4DC135DA-D903-4BCA-8DE8-CAF04CA9A217}.Release|Any CPU.ActiveCfg = Release|Any CPU
		{4DC135DA-D903-4BCA-8DE8-CAF04CA9A217}.Release|Any CPU.Build.0 = Release|Any CPU
	EndGlobalSection
	GlobalSection(SolutionProperties) = preSolution
		HideSolutionNode = FALSE
	EndGlobalSection
EndGlobal
